
Microsoft Visual Studio Solution File, Format Version 12.00
# Visual Studio Version 16
VisualStudioVersion = 16.0.31402.337
MinimumVisualStudioVersion = 10.0.40219.1
Project("{FAE04EC0-301F-11D3-BF4B-00C04F79EFBC}") = "AdBlaze", "AdBlaze.csproj", "{FF6F9026-49BE-4718-98D7-26DB80EC03B1}"
EndProject
Global
	GlobalSection(SolutionConfigurationPlatforms) = preSolution
		Debug|Any CPU = Debug|Any CPU
		Release|Any CPU = Release|Any CPU
	EndGlobalSection
	GlobalSection(ProjectConfigurationPlatforms) = postSolution
		{FF6F9026-49BE-4718-98D7-26DB80EC03B1}.Debug|Any CPU.ActiveCfg = Debug|Any CPU
		{FF6F9026-49BE-4718-98D7-26DB80EC03B1}.Debug|Any CPU.Build.0 = Debug|Any CPU
		{FF6F9026-49BE-4718-98D7-26DB80EC03B1}.Release|Any CPU.ActiveCfg = Release|Any CPU
		{FF6F9026-49BE-4718-98D7-26DB80EC03B1}.Release|Any CPU.Build.0 = Release|Any CPU
	EndGlobalSection
	GlobalSection(SolutionProperties) = preSolution
		HideSolutionNode = FALSE
	EndGlobalSection
	GlobalSection(ExtensibilityGlobals) = postSolution
		SolutionGuid = {01D742C3-3D35-4F2B-97EC-62DD0A3DACBD}
	EndGlobalSection
EndGlobal
